
Microsoft Visual Studio Solution File, Format Version 12.00
# Visual Studio Version 16
VisualStudioVersion = 16.0.30517.126
MinimumVisualStudioVersion = 10.0.40219.1
Project("{FAE04EC0-301F-11D3-BF4B-00C04F79EFBC}") = "BookStore-API", "BookStore-API.csproj", "{FF60C236-CF3F-425E-90E1-73FCB4AD71A6}"
EndProject
Global
	GlobalSection(SolutionConfigurationPlatforms) = preSolution
		Debug|Any CPU = Debug|Any CPU
		Release|Any CPU = Release|Any CPU
	EndGlobalSection
	GlobalSection(ProjectConfigurationPlatforms) = postSolution
		{FF60C236-CF3F-425E-90E1-73FCB4AD71A6}.Debug|Any CPU.ActiveCfg = Debug|Any CPU
		{FF60C236-CF3F-425E-90E1-73FCB4AD71A6}.Debug|Any CPU.Build.0 = Debug|Any CPU
		{FF60C236-CF3F-425E-90E1-73FCB4AD71A6}.Release|Any CPU.ActiveCfg = Release|Any CPU
		{FF60C236-CF3F-425E-90E1-73FCB4AD71A6}.Release|Any CPU.Build.0 = Release|Any CPU
	EndGlobalSection
	GlobalSection(SolutionProperties) = preSolution
		HideSolutionNode = FALSE
	EndGlobalSection
	GlobalSection(ExtensibilityGlobals) = postSolution
		SolutionGuid = {11C6F389-E436-49C0-9B6F-EDA72F0F13BF}
	EndGlobalSection
EndGlobal
